{
  "nodes": {
    "nixpkgs": {
      "locked": {
        "lastModified": 1651514317,
        "narHash": "sha256-1dVfhWpFPpBcaDKVoEvsiqBeozjGZLNfNY/u4jipbS4=",
        "owner": "NixOS",
        "repo": "nixpkgs",
        "rev": "9e49886b3d83d18ca59f66ec7b388315fa3d2e60",
        "type": "github"
      },
      "original": {
        "owner": "NixOS",
        "ref": "nixos-21.11",
        "repo": "nixpkgs",
        "type": "github"
      }
    },
    "root": {
      "inputs": {
        "nixpkgs": "nixpkgs"
      }
    }
  },
  "root": "root",
  "version": 7
}
