{
  "nodes": {
    "nixpkgs": {
      "locked": {
        "lastModified": 1644472683,
        "narHash": "sha256-sP6iM4NksOYO6NFfTJ96cg+ClPnq6cdY30xKA1iYtyU=",
        "owner": "NixOS",
        "repo": "nixpkgs",
        "rev": "7adc9c14ec74b27358a8df9b973087e351425a79",
        "type": "github"
      },
      "original": {
        "owner": "NixOS",
        "ref": "nixos-21.11",
        "repo": "nixpkgs",
        "type": "github"
      }
    },
    "root": {
      "inputs": {
        "nixpkgs": "nixpkgs"
      }
    }
  },
  "root": "root",
  "version": 7
}
